
Microsoft Visual Studio Solution File, Format Version 12.00
# Visual Studio Version 17
VisualStudioVersion = 17.12.35506.116 d17.12
MinimumVisualStudioVersion = 10.0.40219.1
Project("{FAE04EC0-301F-11D3-BF4B-00C04F79EFBC}") = "KodstugaMongoDb", "KodstugaMongoDb\KodstugaMongoDb.csproj", "{2142689E-D2A4-446B-9273-CF24EF7DB07E}"
EndProject
Project("{FAE04EC0-301F-11D3-BF4B-00C04F79EFBC}") = "EfDataAccessTEst", "EfDataAccessTEst\EfDataAccessTEst.csproj", "{BF532BED-54DF-4164-88E6-E938E185C407}"
EndProject
Global
	GlobalSection(SolutionConfigurationPlatforms) = preSolution
		Debug|Any CPU = Debug|Any CPU
		Release|Any CPU = Release|Any CPU
	EndGlobalSection
	GlobalSection(ProjectConfigurationPlatforms) = postSolution
		{2142689E-D2A4-446B-9273-CF24EF7DB07E}.Debug|Any CPU.ActiveCfg = Debug|Any CPU
		{2142689E-D2A4-446B-9273-CF24EF7DB07E}.Debug|Any CPU.Build.0 = Debug|Any CPU
		{2142689E-D2A4-446B-9273-CF24EF7DB07E}.Release|Any CPU.ActiveCfg = Release|Any CPU
		{2142689E-D2A4-446B-9273-CF24EF7DB07E}.Release|Any CPU.Build.0 = Release|Any CPU
		{BF532BED-54DF-4164-88E6-E938E185C407}.Debug|Any CPU.ActiveCfg = Debug|Any CPU
		{BF532BED-54DF-4164-88E6-E938E185C407}.Debug|Any CPU.Build.0 = Debug|Any CPU
		{BF532BED-54DF-4164-88E6-E938E185C407}.Release|Any CPU.ActiveCfg = Release|Any CPU
		{BF532BED-54DF-4164-88E6-E938E185C407}.Release|Any CPU.Build.0 = Release|Any CPU
	EndGlobalSection
	GlobalSection(SolutionProperties) = preSolution
		HideSolutionNode = FALSE
	EndGlobalSection
EndGlobal
